
Microsoft Visual Studio Solution File, Format Version 12.00
# Visual Studio 2012
Project("{FAE04EC0-301F-11D3-BF4B-00C04F79EFBC}") = "ReadFromFile", "ReadFromFile\ReadFromFile.csproj", "{BF64C649-EAD5-4AC8-878D-A2082CD089AD}"
EndProject
Global
	GlobalSection(SolutionConfigurationPlatforms) = preSolution
		Debug|Any CPU = Debug|Any CPU
		Release|Any CPU = Release|Any CPU
	EndGlobalSection
	GlobalSection(ProjectConfigurationPlatforms) = postSolution
		{BF64C649-EAD5-4AC8-878D-A2082CD089AD}.Debug|Any CPU.ActiveCfg = Debug|Any CPU
		{BF64C649-EAD5-4AC8-878D-A2082CD089AD}.Debug|Any CPU.Build.0 = Debug|Any CPU
		{BF64C649-EAD5-4AC8-878D-A2082CD089AD}.Release|Any CPU.ActiveCfg = Release|Any CPU
		{BF64C649-EAD5-4AC8-878D-A2082CD089AD}.Release|Any CPU.Build.0 = Release|Any CPU
	EndGlobalSection
EndGlobal
